
Microsoft Visual Studio Solution File, Format Version 12.00
# Visual Studio 15
VisualStudioVersion = 15.0.27703.2000
MinimumVisualStudioVersion = 10.0.40219.1
Project("{FAE04EC0-301F-11D3-BF4B-00C04F79EFBC}") = "TestingTools", "TestingTools\TestingTools.csproj", "{98DC647E-A618-416C-985E-110F826A588B}"
EndProject
Project("{FAE04EC0-301F-11D3-BF4B-00C04F79EFBC}") = "tests", "tests\tests.csproj", "{E469AFB4-8968-4483-A4D0-2EB928E86B42}"
EndProject
Global
	GlobalSection(SolutionConfigurationPlatforms) = preSolution
		Debug|Any CPU = Debug|Any CPU
		Release|Any CPU = Release|Any CPU
	EndGlobalSection
	GlobalSection(ProjectConfigurationPlatforms) = postSolution
		{98DC647E-A618-416C-985E-110F826A588B}.Debug|Any CPU.ActiveCfg = Debug|Any CPU
		{98DC647E-A618-416C-985E-110F826A588B}.Debug|Any CPU.Build.0 = Debug|Any CPU
		{98DC647E-A618-416C-985E-110F826A588B}.Release|Any CPU.ActiveCfg = Release|Any CPU
		{98DC647E-A618-416C-985E-110F826A588B}.Release|Any CPU.Build.0 = Release|Any CPU
		{E469AFB4-8968-4483-A4D0-2EB928E86B42}.Debug|Any CPU.ActiveCfg = Debug|Any CPU
		{E469AFB4-8968-4483-A4D0-2EB928E86B42}.Debug|Any CPU.Build.0 = Debug|Any CPU
		{E469AFB4-8968-4483-A4D0-2EB928E86B42}.Release|Any CPU.ActiveCfg = Release|Any CPU
		{E469AFB4-8968-4483-A4D0-2EB928E86B42}.Release|Any CPU.Build.0 = Release|Any CPU
	EndGlobalSection
	GlobalSection(SolutionProperties) = preSolution
		HideSolutionNode = FALSE
	EndGlobalSection
	GlobalSection(ExtensibilityGlobals) = postSolution
		SolutionGuid = {13923B7D-2C7E-4686-8B8E-7DEE401FD7B4}
	EndGlobalSection
EndGlobal
