
Microsoft Visual Studio Solution File, Format Version 12.00
# Visual Studio Version 16
VisualStudioVersion = 16.0.29613.14
MinimumVisualStudioVersion = 10.0.40219.1
Project("{9A19103F-16F7-4668-BE54-9A1E7A4F7556}") = "Xumiga.DataGenerators", "Xumiga.DataGenerators\Xumiga.DataGenerators.csproj", "{98DC647E-A618-416C-985E-110F826A588B}"
EndProject
Project("{9A19103F-16F7-4668-BE54-9A1E7A4F7556}") = "Xumiga.DataGenerators.tests", "Xumiga.DataGenerators.tests\Xumiga.DataGenerators.tests.csproj", "{E5D1C80B-CBD5-4B3E-ACEE-DC6B7A1537FF}"
EndProject
Project("{2150E333-8FDC-42A3-9474-1A3956D46DE8}") = "documentation", "documentation", "{EF5FB5CE-A84D-487A-8167-B9948A336D8F}"
	ProjectSection(SolutionItems) = preProject
		docs\RandomEnumGenerator.md = docs\RandomEnumGenerator.md
		readme.md = readme.md
	EndProjectSection
EndProject
Global
	GlobalSection(SolutionConfigurationPlatforms) = preSolution
		Debug|Any CPU = Debug|Any CPU
		Release|Any CPU = Release|Any CPU
	EndGlobalSection
	GlobalSection(ProjectConfigurationPlatforms) = postSolution
		{98DC647E-A618-416C-985E-110F826A588B}.Debug|Any CPU.ActiveCfg = Debug|Any CPU
		{98DC647E-A618-416C-985E-110F826A588B}.Debug|Any CPU.Build.0 = Debug|Any CPU
		{98DC647E-A618-416C-985E-110F826A588B}.Release|Any CPU.ActiveCfg = Release|Any CPU
		{98DC647E-A618-416C-985E-110F826A588B}.Release|Any CPU.Build.0 = Release|Any CPU
		{E5D1C80B-CBD5-4B3E-ACEE-DC6B7A1537FF}.Debug|Any CPU.ActiveCfg = Debug|Any CPU
		{E5D1C80B-CBD5-4B3E-ACEE-DC6B7A1537FF}.Debug|Any CPU.Build.0 = Debug|Any CPU
		{E5D1C80B-CBD5-4B3E-ACEE-DC6B7A1537FF}.Release|Any CPU.ActiveCfg = Release|Any CPU
		{E5D1C80B-CBD5-4B3E-ACEE-DC6B7A1537FF}.Release|Any CPU.Build.0 = Release|Any CPU
	EndGlobalSection
	GlobalSection(SolutionProperties) = preSolution
		HideSolutionNode = FALSE
	EndGlobalSection
	GlobalSection(ExtensibilityGlobals) = postSolution
		SolutionGuid = {13923B7D-2C7E-4686-8B8E-7DEE401FD7B4}
	EndGlobalSection
EndGlobal
